Microsoft Visual Studio Solution File, Format Version 12.00
# Visual Studio Version 17
VisualStudioVersion = 17.5.2.0
MinimumVisualStudioVersion = 10.0.40219.1
Project("{FAE04EC0-301F-11D3-BF4B-00C04F79EFBC}") = "Chapter3", "Chapter3.csproj", "{5C9E6459-1EF1-CD25-06EC-1C79B95375AA}"
EndProject
Global
	GlobalSection(SolutionConfigurationPlatforms) = preSolution
		Debug|Any CPU = Debug|Any CPU
		Release|Any CPU = Release|Any CPU
	EndGlobalSection
	GlobalSection(ProjectConfigurationPlatforms) = postSolution
		{5C9E6459-1EF1-CD25-06EC-1C79B95375AA}.Debug|Any CPU.ActiveCfg = Debug|Any CPU
		{5C9E6459-1EF1-CD25-06EC-1C79B95375AA}.Debug|Any CPU.Build.0 = Debug|Any CPU
		{5C9E6459-1EF1-CD25-06EC-1C79B95375AA}.Release|Any CPU.ActiveCfg = Release|Any CPU
		{5C9E6459-1EF1-CD25-06EC-1C79B95375AA}.Release|Any CPU.Build.0 = Release|Any CPU
	EndGlobalSection
	GlobalSection(SolutionProperties) = preSolution
		HideSolutionNode = FALSE
	EndGlobalSection
	GlobalSection(ExtensibilityGlobals) = postSolution
		SolutionGuid = {01005C67-C419-4882-88E6-6BF9E641AE3F}
	EndGlobalSection
EndGlobal
